// !$*UTF8*$!
{
	archiveVersion = 1;
	classes = {
	};
	objectVersion = 50;
	objects = {

/* Begin PBXBuildFile section */
		684349F7265B0E630039279A /* AppDelegate.swift in Sources */ = {isa = PBXBuildFile; fileRef = 684349F6265B0E630039279A /* AppDelegate.swift */; };
		684349F9265B0E630039279A /* SceneDelegate.swift in Sources */ = {isa = PBXBuildFile; fileRef = 684349F8265B0E630039279A /* SceneDelegate.swift */; };
		684349FB265B0E630039279A /* ViewController.swift in Sources */ = {isa = PBXBuildFile; fileRef = 684349FA265B0E630039279A /* ViewController.swift */; };
		684349FE265B0E630039279A /* Main.storyboard in Resources */ = {isa = PBXBuildFile; fileRef = 684349FC265B0E630039279A /* Main.storyboard */; };
		68434A00265B0E680039279A /* Assets.xcassets in Resources */ = {isa = PBXBuildFile; fileRef = 684349FF265B0E680039279A /* Assets.xcassets */; };
		68434A03265B0E680039279A /* LaunchScreen.storyboard in Resources */ = {isa = PBXBuildFile; fileRef = 68434A01265B0E680039279A /* LaunchScreen.storyboard */; };
		68434A0E265B0E680039279A /* Rock_paper_scissorsTests.swift in Sources */ = {isa = PBXBuildFile; fileRef = 68434A0D265B0E680039279A /* Rock_paper_scissorsTests.swift */; };
		68434A19265B0E680039279A /* Rock_paper_scissorsUITests.swift in Sources */ = {isa = PBXBuildFile; fileRef = 68434A18265B0E680039279A /* Rock_paper_scissorsUITests.swift */; };
		68434A2A265B0F370039279A /* Sign.swift in Sources */ = {isa = PBXBuildFile; fileRef = 68434A29265B0F370039279A /* Sign.swift */; };
		68434A2F265B11F80039279A /* GameState.swift in Sources */ = {isa = PBXBuildFile; fileRef = 68434A2E265B11F80039279A /* GameState.swift */; };
/* End PBXBuildFile section */

/* Begin PBXContainerItemProxy section */
		68434A0A265B0E680039279A /* PBXContainerItemProxy */ = {
			isa = PBXContainerItemProxy;
			containerPortal = 684349EB265B0E630039279A /* Project object */;
			proxyType = 1;
			remoteGlobalIDString = 684349F2265B0E630039279A;
			remoteInfo = "Rock paper scissors";
		};
		68434A15265B0E680039279A /* PBXContainerItemProxy */ = {
			isa = PBXContainerItemProxy;
			containerPortal = 684349EB265B0E630039279A /* Project object */;
			proxyType = 1;
			remoteGlobalIDString = 684349F2265B0E630039279A;
			remoteInfo = "Rock paper scissors";
		};
/* End PBXContainerItemProxy section */

/* Begin PBXFileReference section */
		684349F3265B0E630039279A /* Rock paper scissors.app */ = {isa = PBXFileReference; explicitFileType = wrapper.application; includeInIndex = 0; path = "Rock paper scissors.app"; sourceTree = BUILT_PRODUCTS_DIR; };
		684349F6265B0E630039279A /* AppDelegate.swift */ = {isa = PBXFileReference; lastKnownFileType = sourcecode.swift; path = AppDelegate.swift; sourceTree = "<group>"; };
		684349F8265B0E630039279A /* SceneDelegate.swift */ = {isa = PBXFileReference; lastKnownFileType = sourcecode.swift; path = SceneDelegate.swift; sourceTree = "<group>"; };
		684349FA265B0E630039279A /* ViewController.swift */ = {isa = PBXFileReference; lastKnownFileType = sourcecode.swift; path = ViewController.swift; sourceTree = "<group>"; };
		684349FD265B0E630039279A /* Base */ = {isa = PBXFileReference; lastKnownFileType = file.storyboard; name = Base; path = Base.lproj/Main.storyboard; sourceTree = "<group>"; };
		684349FF265B0E680039279A /* Assets.xcassets */ = {isa = PBXFileReference; lastKnownFileType = folder.assetcatalog; path = Assets.xcassets; sourceTree = "<group>"; };
		68434A02265B0E680039279A /* Base */ = {isa = PBXFileReference; lastKnownFileType = file.storyboard; name = Base; path = Base.lproj/LaunchScreen.storyboard; sourceTree = "<group>"; };
		68434A04265B0E680039279A /* Info.plist */ = {isa = PBXFileReference; lastKnownFileType = text.plist.xml; path = Info.plist; sourceTree = "<group>"; };
		68434A09265B0E680039279A /* Rock paper scissorsTests.xctest */ = {isa = PBXFileReference; explicitFileType = wrapper.cfbundle; includeInIndex = 0; path = "Rock paper scissorsTests.xctest"; sourceTree = BUILT_PRODUCTS_DIR; };
		68434A0D265B0E680039279A /* Rock_paper_scissorsTests.swift */ = {isa = PBXFileReference; lastKnownFileType = sourcecode.swift; path = Rock_paper_scissorsTests.swift; sourceTree = "<group>"; };
		68434A0F265B0E680039279A /* Info.plist */ = {isa = PBXFileReference; lastKnownFileType = text.plist.xml; path = Info.plist; sourceTree = "<group>"; };
		68434A14265B0E680039279A /* Rock paper scissorsUITests.xctest */ = {isa = PBXFileReference; explicitFileType = wrapper.cfbundle; includeInIndex = 0; path = "Rock paper scissorsUITests.xctest"; sourceTree = BUILT_PRODUCTS_DIR; };
		68434A18265B0E680039279A /* Rock_paper_scissorsUITests.swift */ = {isa = PBXFileReference; lastKnownFileType = sourcecode.swift; path = Rock_paper_scissorsUITests.swift; sourceTree = "<group>"; };
		68434A1A265B0E680039279A /* Info.plist */ = {isa = PBXFileReference; lastKnownFileType = text.plist.xml; path = Info.plist; sourceTree = "<group>"; };
		68434A29265B0F370039279A /* Sign.swift */ = {isa = PBXFileReference; lastKnownFileType = sourcecode.swift; path = Sign.swift; sourceTree = "<group>"; };
		68434A2E265B11F80039279A /* GameState.swift */ = {isa = PBXFileReference; lastKnownFileType = sourcecode.swift; path = GameState.swift; sourceTree = "<group>"; };
/* End PBXFileReference section */

/* Begin PBXFrameworksBuildPhase section */
		684349F0265B0E630039279A /* Frameworks */ = {
			isa = PBXFrameworksBuildPhase;
			buildActionMask = 2147483647;
			files = (
			);
			runOnlyForDeploymentPostprocessing = 0;
		};
		68434A06265B0E680039279A /* Frameworks */ = {
			isa = PBXFrameworksBuildPhase;
			buildActionMask = 2147483647;
			files = (
			);
			runOnlyForDeploymentPostprocessing = 0;
		};
		68434A11265B0E680039279A /* Frameworks */ = {
			isa = PBXFrameworksBuildPhase;
			buildActionMask = 2147483647;
			files = (
			);
			runOnlyForDeploymentPostprocessing = 0;
		};
/* End PBXFrameworksBuildPhase section */

/* Begin PBXGroup section */
		684349EA265B0E630039279A = {
			isa = PBXGroup;
			children = (
				684349F5265B0E630039279A /* Rock paper scissors */,
				68434A0C265B0E680039279A /* Rock paper scissorsTests */,
				68434A17265B0E680039279A /* Rock paper scissorsUITests */,
				684349F4265B0E630039279A /* Products */,
			);
			sourceTree = "<group>";
		};
		684349F4265B0E630039279A /* Products */ = {
			isa = PBXGroup;
			children = (
				684349F3265B0E630039279A /* Rock paper scissors.app */,
				68434A09265B0E680039279A /* Rock paper scissorsTests.xctest */,
				68434A14265B0E680039279A /* Rock paper scissorsUITests.xctest */,
			);
			name = Products;
			sourceTree = "<group>";
		};
		684349F5265B0E630039279A /* Rock paper scissors */ = {
			isa = PBXGroup;
			children = (
				684349F6265B0E630039279A /* AppDelegate.swift */,
				684349F8265B0E630039279A /* SceneDelegate.swift */,
				684349FA265B0E630039279A /* ViewController.swift */,
				684349FC265B0E630039279A /* Main.storyboard */,
				684349FF265B0E680039279A /* Assets.xcassets */,
				68434A01265B0E680039279A /* LaunchScreen.storyboard */,
				68434A04265B0E680039279A /* Info.plist */,
				68434A29265B0F370039279A /* Sign.swift */,
				68434A2E265B11F80039279A /* GameState.swift */,
			);
			path = "Rock paper scissors";
			sourceTree = "<group>";
		};
		68434A0C265B0E680039279A /* Rock paper scissorsTests */ = {
			isa = PBXGroup;
			children = (
				68434A0D265B0E680039279A /* Rock_paper_scissorsTests.swift */,
				68434A0F265B0E680039279A /* Info.plist */,
			);
			path = "Rock paper scissorsTests";
			sourceTree = "<group>";
		};
		68434A17265B0E680039279A /* Rock paper scissorsUITests */ = {
			isa = PBXGroup;
			children = (
				68434A18265B0E680039279A /* Rock_paper_scissorsUITests.swift */,
				68434A1A265B0E680039279A /* Info.plist */,
			);
			path = "Rock paper scissorsUITests";
			sourceTree = "<group>";
		};
/* End PBXGroup section */

/* Begin PBXNativeTarget section */
		684349F2265B0E630039279A /* Rock paper scissors */ = {
			isa = PBXNativeTarget;
			buildConfigurationList = 68434A1D265B0E680039279A /* Build configuration list for PBXNativeTarget "Rock paper scissors" */;
			buildPhases = (
				684349EF265B0E630039279A /* Sources */,
				684349F0265B0E630039279A /* Frameworks */,
				684349F1265B0E630039279A /* Resources */,
			);
			buildRules = (
			);
			dependencies = (
			);
			name = "Rock paper scissors";
			productName = "Rock paper scissors";
			productReference = 684349F3265B0E630039279A /* Rock paper scissors.app */;
			productType = "com.apple.product-type.application";
		};
		68434A08265B0E680039279A /* Rock paper scissorsTests */ = {
			isa = PBXNativeTarget;
			buildConfigurationList = 68434A20265B0E680039279A /* Build configuration list for PBXNativeTarget "Rock paper scissorsTests" */;
			buildPhases = (
				68434A05265B0E680039279A /* Sources */,
				68434A06265B0E680039279A /* Frameworks */,
				68434A07265B0E680039279A /* Resources */,
			);
			buildRules = (
			);
			dependencies = (
				68434A0B265B0E680039279A /* PBXTargetDependency */,
			);
			name = "Rock paper scissorsTests";
			productName = "Rock paper scissorsTests";
			productReference = 68434A09265B0E680039279A /* Rock paper scissorsTests.xctest */;
			productType = "com.apple.product-type.bundle.unit-test";
		};
		68434A13265B0E680039279A /* Rock paper scissorsUITests */ = {
			isa = PBXNativeTarget;
			buildConfigurationList = 68434A23265B0E680039279A /* Build configuration list for PBXNativeTarget "Rock paper scissorsUITests" */;
			buildPhases = (
				68434A10265B0E680039279A /* Sources */,
				68434A11265B0E680039279A /* Frameworks */,
				68434A12265B0E680039279A /* Resources */,
			);
			buildRules = (
			);
			dependencies = (
				68434A16265B0E680039279A /* PBXTargetDependency */,
			);
			name = "Rock paper scissorsUITests";
			productName = "Rock paper scissorsUITests";
			productReference = 68434A14265B0E680039279A /* Rock paper scissorsUITests.xctest */;
			productType = "com.apple.product-type.bundle.ui-testing";
		};
/* End PBXNativeTarget section */

/* Begin PBXProject section */
		684349EB265B0E630039279A /* Project object */ = {
			isa = PBXProject;
			attributes = {
				LastSwiftUpdateCheck = 1230;
				LastUpgradeCheck = 1230;
				TargetAttributes = {
					684349F2265B0E630039279A = {
						CreatedOnToolsVersion = 12.3;
					};
					68434A08265B0E680039279A = {
						CreatedOnToolsVersion = 12.3;
						TestTargetID = 684349F2265B0E630039279A;
					};
					68434A13265B0E680039279A = {
						CreatedOnToolsVersion = 12.3;
						TestTargetID = 684349F2265B0E630039279A;
					};
				};
			};
			buildConfigurationList = 684349EE265B0E630039279A /* Build configuration list for PBXProject "Rock paper scissors" */;
			compatibilityVersion = "Xcode 9.3";
			developmentRegion = en;
			hasScannedForEncodings = 0;
			knownRegions = (
				en,
				Base,
			);
			mainGroup = 684349EA265B0E630039279A;
			productRefGroup = 684349F4265B0E630039279A /* Products */;
			projectDirPath = "";
			projectRoot = "";
			targets = (
				684349F2265B0E630039279A /* Rock paper scissors */,
				68434A08265B0E680039279A /* Rock paper scissorsTests */,
				68434A13265B0E680039279A /* Rock paper scissorsUITests */,
			);
		};
/* End PBXProject section */

/* Begin PBXResourcesBuildPhase section */
		684349F1265B0E630039279A /* Resources */ = {
			isa = PBXResourcesBuildPhase;
			buildActionMask = 2147483647;
			files = (
				68434A03265B0E680039279A /* LaunchScreen.storyboard in Resources */,
				68434A00265B0E680039279A /* Assets.xcassets in Resources */,
				684349FE265B0E630039279A /* Main.storyboard in Resources */,
			);
			runOnlyForDeploymentPostprocessing = 0;
		};
		68434A07265B0E680039279A /* Resources */ = {
			isa = PBXResourcesBuildPhase;
			buildActionMask = 2147483647;
			files = (
			);
			runOnlyForDeploymentPostprocessing = 0;
		};
		68434A12265B0E680039279A /* Resources */ = {
			isa = PBXResourcesBuildPhase;
			buildActionMask = 2147483647;
			files = (
			);
			runOnlyForDeploymentPostprocessing = 0;
		};
/* End PBXResourcesBuildPhase section */

/* Begin PBXSourcesBuildPhase section */
		684349EF265B0E630039279A /* Sources */ = {
			isa = PBXSourcesBuildPhase;
			buildActionMask = 2147483647;
			files = (
				684349FB265B0E630039279A /* ViewController.swift in Sources */,
				684349F7265B0E630039279A /* AppDelegate.swift in Sources */,
				68434A2F265B11F80039279A /* GameState.swift in Sources */,
				68434A2A265B0F370039279A /* Sign.swift in Sources */,
				684349F9265B0E630039279A /* SceneDelegate.swift in Sources */,
			);
			runOnlyForDeploymentPostprocessing = 0;
		};
		68434A05265B0E680039279A /* Sources */ = {
			isa = PBXSourcesBuildPhase;
			buildActionMask = 2147483647;
			files = (
				68434A0E265B0E680039279A /* Rock_paper_scissorsTests.swift in Sources */,
			);
			runOnlyForDeploymentPostprocessing = 0;
		};
		68434A10265B0E680039279A /* Sources */ = {
			isa = PBXSourcesBuildPhase;
			buildActionMask = 2147483647;
			files = (
				68434A19265B0E680039279A /* Rock_paper_scissorsUITests.swift in Sources */,
			);
			runOnlyForDeploymentPostprocessing = 0;
		};
/* End PBXSourcesBuildPhase section */

/* Begin PBXTargetDependency section */
		68434A0B265B0E680039279A /* PBXTargetDependency */ = {
			isa = PBXTargetDependency;
			target = 684349F2265B0E630039279A /* Rock paper scissors */;
			targetProxy = 68434A0A265B0E680039279A /* PBXContainerItemProxy */;
		};
		68434A16265B0E680039279A /* PBXTargetDependency */ = {
			isa = PBXTargetDependency;
			target = 684349F2265B0E630039279A /* Rock paper scissors */;
			targetProxy = 68434A15265B0E680039279A /* PBXContainerItemProxy */;
		};
/* End PBXTargetDependency section */

/* Begin PBXVariantGroup section */
		684349FC265B0E630039279A /* Main.storyboard */ = {
			isa = PBXVariantGroup;
			children = (
				684349FD265B0E630039279A /* Base */,
			);
			name = Main.storyboard;
			sourceTree = "<group>";
		};
		68434A01265B0E680039279A /* LaunchScreen.storyboard */ = {
			isa = PBXVariantGroup;
			children = (
				68434A02265B0E680039279A /* Base */,
			);
			name = LaunchScreen.storyboard;
			sourceTree = "<group>";
		};
/* End PBXVariantGroup section */

/* Begin XCBuildConfiguration section */
		68434A1B265B0E680039279A /* Debug */ = {
			isa = XCBuildConfiguration;
			buildSettings = {
				ALWAYS_SEARCH_USER_PATHS = NO;
				CLANG_ANALYZER_NONNULL = YES;
				CLANG_ANALYZER_NUMBER_OBJECT_CONVERSION = YES_AGGRESSIVE;
				CLANG_CXX_LANGUAGE_STANDARD = "gnu++14";
				CLANG_CXX_LIBRARY = "libc++";
				CLANG_ENABLE_MODULES = YES;
				CLANG_ENABLE_OBJC_ARC = YES;
				CLANG_ENABLE_OBJC_WEAK = YES;
				CLANG_WARN_BLOCK_CAPTURE_AUTORELEASING = YES;
				CLANG_WARN_BOOL_CONVERSION = YES;
				CLANG_WARN_COMMA = YES;
				CLANG_WARN_CONSTANT_CONVERSION = YES;
				CLANG_WARN_DEPRECATED_OBJC_IMPLEMENTATIONS = YES;
				CLANG_WARN_DIRECT_OBJC_ISA_USAGE = YES_ERROR;
				CLANG_WARN_DOCUMENTATION_COMMENTS = YES;
				CLANG_WARN_EMPTY_BODY = YES;
				CLANG_WARN_ENUM_CONVERSION = YES;
				CLANG_WARN_INFINITE_RECURSION = YES;
				CLANG_WARN_INT_CONVERSION = YES;
				CLANG_WARN_NON_LITERAL_NULL_CONVERSION = YES;
				CLANG_WARN_OBJC_IMPLICIT_RETAIN_SELF = YES;
				CLANG_WARN_OBJC_LITERAL_CONVERSION = YES;
				CLANG_WARN_OBJC_ROOT_CLASS = YES_ERROR;
				CLANG_WARN_QUOTED_INCLUDE_IN_FRAMEWORK_HEADER = YES;
				CLANG_WARN_RANGE_LOOP_ANALYSIS = YES;
				CLANG_WARN_STRICT_PROTOTYPES = YES;
				CLANG_WARN_SUSPICIOUS_MOVE = YES;
				CLANG_WARN_UNGUARDED_AVAILABILITY = YES_AGGRESSIVE;
				CLANG_WARN_UNREACHABLE_CODE = YES;
				CLANG_WARN__DUPLICATE_METHOD_MATCH = YES;
				COPY_PHASE_STRIP = NO;
				DEBUG_INFORMATION_FORMAT = dwarf;
				ENABLE_STRICT_OBJC_MSGSEND = YES;
				ENABLE_TESTABILITY = YES;
				GCC_C_LANGUAGE_STANDARD = gnu11;
				GCC_DYNAMIC_NO_PIC = NO;
				GCC_NO_COMMON_BLOCKS = YES;
				GCC_OPTIMIZATION_LEVEL = 0;
				GCC_PREPROCESSOR_DEFINITIONS = (
					"DEBUG=1",
					"$(inherited)",
				);
				GCC_WARN_64_TO_32_BIT_CONVERSION = YES;
				GCC_WARN_ABOUT_RETURN_TYPE = YES_ERROR;
				GCC_WARN_UNDECLARED_SELECTOR = YES;
				GCC_WARN_UNINITIALIZED_AUTOS = YES_AGGRESSIVE;
				GCC_WARN_UNUSED_FUNCTION = YES;
				GCC_WARN_UNUSED_VARIABLE = YES;
				IPHONEOS_DEPLOYMENT_TARGET = 14.3;
				MTL_ENABLE_DEBUG_INFO = INCLUDE_SOURCE;
				MTL_FAST_MATH = YES;
				ONLY_ACTIVE_ARCH = YES;
				SDKROOT = iphoneos;
				SWIFT_ACTIVE_COMPILATION_CONDITIONS = DEBUG;
				SWIFT_OPTIMIZATION_LEVEL = "-Onone";
			};
			name = Debug;
		};
		68434A1C265B0E680039279A /* Release */ = {
			isa = XCBuildConfiguration;
			buildSettings = {
				ALWAYS_SEARCH_USER_PATHS = NO;
				CLANG_ANALYZER_NONNULL = YES;
				CLANG_ANALYZER_NUMBER_OBJECT_CONVERSION = YES_AGGRESSIVE;
				CLANG_CXX_LANGUAGE_STANDARD = "gnu++14";
				CLANG_CXX_LIBRARY = "libc++";
				CLANG_ENABLE_MODULES = YES;
				CLANG_ENABLE_OBJC_ARC = YES;
				CLANG_ENABLE_OBJC_WEAK = YES;
				CLANG_WARN_BLOCK_CAPTURE_AUTORELEASING = YES;
				CLANG_WARN_BOOL_CONVERSION = YES;
				CLANG_WARN_COMMA = YES;
				CLANG_WARN_CONSTANT_CONVERSION = YES;
				CLANG_WARN_DEPRECATED_OBJC_IMPLEMENTATIONS = YES;
				CLANG_WARN_DIRECT_OBJC_ISA_USAGE = YES_ERROR;
				CLANG_WARN_DOCUMENTATION_COMMENTS = YES;
				CLANG_WARN_EMPTY_BODY = YES;
				CLANG_WARN_ENUM_CONVERSION = YES;
				CLANG_WARN_INFINITE_RECURSION = YES;
				CLANG_WARN_INT_CONVERSION = YES;
				CLANG_WARN_NON_LITERAL_NULL_CONVERSION = YES;
				CLANG_WARN_OBJC_IMPLICIT_RETAIN_SELF = YES;
				CLANG_WARN_OBJC_LITERAL_CONVERSION = YES;
				CLANG_WARN_OBJC_ROOT_CLASS = YES_ERROR;
				CLANG_WARN_QUOTED_INCLUDE_IN_FRAMEWORK_HEADER = YES;
				CLANG_WARN_RANGE_LOOP_ANALYSIS = YES;
				CLANG_WARN_STRICT_PROTOTYPES = YES;
				CLANG_WARN_SUSPICIOUS_MOVE = YES;
				CLANG_WARN_UNGUARDED_AVAILABILITY = YES_AGGRESSIVE;
				CLANG_WARN_UNREACHABLE_CODE = YES;
				CLANG_WARN__DUPLICATE_METHOD_MATCH = YES;
				COPY_PHASE_STRIP = NO;
				DEBUG_INFORMATION_FORMAT = "dwarf-with-dsym";
				ENABLE_NS_ASSERTIONS = NO;
				ENABLE_STRICT_OBJC_MSGSEND = YES;
				GCC_C_LANGUAGE_STANDARD = gnu11;
				GCC_NO_COMMON_BLOCKS = YES;
				GCC_WARN_64_TO_32_BIT_CONVERSION = YES;
				GCC_WARN_ABOUT_RETURN_TYPE = YES_ERROR;
				GCC_WARN_UNDECLARED_SELECTOR = YES;
				GCC_WARN_UNINITIALIZED_AUTOS = YES_AGGRESSIVE;
				GCC_WARN_UNUSED_FUNCTION = YES;
				GCC_WARN_UNUSED_VARIABLE = YES;
				IPHONEOS_DEPLOYMENT_TARGET = 14.3;
				MTL_ENABLE_DEBUG_INFO = NO;
				MTL_FAST_MATH = YES;
				SDKROOT = iphoneos;
				SWIFT_COMPILATION_MODE = wholemodule;
				SWIFT_OPTIMIZATION_LEVEL = "-O";
				VALIDATE_PRODUCT = YES;
			};
			name = Release;
		};
		68434A1E265B0E680039279A /* Debug */ = {
			isa = XCBuildConfiguration;
			buildSettings = {
				ASSETCATALOG_COMPILER_APPICON_NAME = AppIcon;
				ASSETCATALOG_COMPILER_GLOBAL_ACCENT_COLOR_NAME = AccentColor;
				CODE_SIGN_STYLE = Automatic;
				INFOPLIST_FILE = "Rock paper scissors/Info.plist";
				LD_RUNPATH_SEARCH_PATHS = (
					"$(inherited)",
					"@executable_path/Frameworks",
				);
				PRODUCT_BUNDLE_IDENTIFIER = "Apple-inc.Rock-paper-scissors";
				PRODUCT_NAME = "$(TARGET_NAME)";
				SWIFT_VERSION = 5.0;
				TARGETED_DEVICE_FAMILY = "1,2";
			};
			name = Debug;
		};
		68434A1F265B0E680039279A /* Release */ = {
			isa = XCBuildConfiguration;
			buildSettings = {
				ASSETCATALOG_COMPILER_APPICON_NAME = AppIcon;
				ASSETCATALOG_COMPILER_GLOBAL_ACCENT_COLOR_NAME = AccentColor;
				CODE_SIGN_STYLE = Automatic;
				INFOPLIST_FILE = "Rock paper scissors/Info.plist";
				LD_RUNPATH_SEARCH_PATHS = (
					"$(inherited)",
					"@executable_path/Frameworks",
				);
				PRODUCT_BUNDLE_IDENTIFIER = "Apple-inc.Rock-paper-scissors";
				PRODUCT_NAME = "$(TARGET_NAME)";
				SWIFT_VERSION = 5.0;
				TARGETED_DEVICE_FAMILY = "1,2";
			};
			name = Release;
		};
		68434A21265B0E680039279A /* Debug */ = {
			isa = XCBuildConfiguration;
			buildSettings = {
				ALWAYS_EMBED_SWIFT_STANDARD_LIBRARIES = YES;
				BUNDLE_LOADER = "$(TEST_HOST)";
				CODE_SIGN_STYLE = Automatic;
				INFOPLIST_FILE = "Rock paper scissorsTests/Info.plist";
				IPHONEOS_DEPLOYMENT_TARGET = 14.3;
				LD_RUNPATH_SEARCH_PATHS = (
					"$(inherited)",
					"@executable_path/Frameworks",
					"@loader_path/Frameworks",
				);
				PRODUCT_BUNDLE_IDENTIFIER = "Apple-inc.Rock-paper-scissorsTests";
				PRODUCT_NAME = "$(TARGET_NAME)";
				SWIFT_VERSION = 5.0;
				TARGETED_DEVICE_FAMILY = "1,2";
				TEST_HOST = "$(BUILT_PRODUCTS_DIR)/Rock paper scissors.app/Rock paper scissors";
			};
			name = Debug;
		};
		68434A22265B0E680039279A /* Release */ = {
			isa = XCBuildConfiguration;
			buildSettings = {
				ALWAYS_EMBED_SWIFT_STANDARD_LIBRARIES = YES;
				BUNDLE_LOADER = "$(TEST_HOST)";
				CODE_SIGN_STYLE = Automatic;
				INFOPLIST_FILE = "Rock paper scissorsTests/Info.plist";
				IPHONEOS_DEPLOYMENT_TARGET = 14.3;
				LD_RUNPATH_SEARCH_PATHS = (
					"$(inherited)",
					"@executable_path/Frameworks",
					"@loader_path/Frameworks",
				);
				PRODUCT_BUNDLE_IDENTIFIER = "Apple-inc.Rock-paper-scissorsTests";
				PRODUCT_NAME = "$(TARGET_NAME)";
				SWIFT_VERSION = 5.0;
				TARGETED_DEVICE_FAMILY = "1,2";
				TEST_HOST = "$(BUILT_PRODUCTS_DIR)/Rock paper scissors.app/Rock paper scissors";
			};
			name = Release;
		};
		68434A24265B0E680039279A /* Debug */ = {
			isa = XCBuildConfiguration;
			buildSettings = {
				ALWAYS_EMBED_SWIFT_STANDARD_LIBRARIES = YES;
				CODE_SIGN_STYLE = Automatic;
				INFOPLIST_FILE = "Rock paper scissorsUITests/Info.plist";
				LD_RUNPATH_SEARCH_PATHS = (
					"$(inherited)",
					"@executable_path/Frameworks",
					"@loader_path/Frameworks",
				);
				PRODUCT_BUNDLE_IDENTIFIER = "Apple-inc.Rock-paper-scissorsUITests";
				PRODUCT_NAME = "$(TARGET_NAME)";
				SWIFT_VERSION = 5.0;
				TARGETED_DEVICE_FAMILY = "1,2";
				TEST_TARGET_NAME = "Rock paper scissors";
			};
			name = Debug;
		};
		68434A25265B0E680039279A /* Release */ = {
			isa = XCBuildConfiguration;
			buildSettings = {
				ALWAYS_EMBED_SWIFT_STANDARD_LIBRARIES = YES;
				CODE_SIGN_STYLE = Automatic;
				INFOPLIST_FILE = "Rock paper scissorsUITests/Info.plist";
				LD_RUNPATH_SEARCH_PATHS = (
					"$(inherited)",
					"@executable_path/Frameworks",
					"@loader_path/Frameworks",
				);
				PRODUCT_BUNDLE_IDENTIFIER = "Apple-inc.Rock-paper-scissorsUITests";
				PRODUCT_NAME = "$(TARGET_NAME)";
				SWIFT_VERSION = 5.0;
				TARGETED_DEVICE_FAMILY = "1,2";
				TEST_TARGET_NAME = "Rock paper scissors";
			};
			name = Release;
		};
/* End XCBuildConfiguration section */

/* Begin XCConfigurationList section */
		684349EE265B0E630039279A /* Build configuration list for PBXProject "Rock paper scissors" */ = {
			isa = XCConfigurationList;
			buildConfigurations = (
				68434A1B265B0E680039279A /* Debug */,
				68434A1C265B0E680039279A /* Release */,
			);
			defaultConfigurationIsVisible = 0;
			defaultConfigurationName = Release;
		};
		68434A1D265B0E680039279A /* Build configuration list for PBXNativeTarget "Rock paper scissors" */ = {
			isa = XCConfigurationList;
			buildConfigurations = (
				68434A1E265B0E680039279A /* Debug */,
				68434A1F265B0E680039279A /* Release */,
			);
			defaultConfigurationIsVisible = 0;
			defaultConfigurationName = Release;
		};
		68434A20265B0E680039279A /* Build configuration list for PBXNativeTarget "Rock paper scissorsTests" */ = {
			isa = XCConfigurationList;
			buildConfigurations = (
				68434A21265B0E680039279A /* Debug */,
				68434A22265B0E680039279A /* Release */,
			);
			defaultConfigurationIsVisible = 0;
			defaultConfigurationName = Release;
		};
		68434A23265B0E680039279A /* Build configuration list for PBXNativeTarget "Rock paper scissorsUITests" */ = {
			isa = XCConfigurationList;
			buildConfigurations = (
				68434A24265B0E680039279A /* Debug */,
				68434A25265B0E680039279A /* Release */,
			);
			defaultConfigurationIsVisible = 0;
			defaultConfigurationName = Release;
		};
/* End XCConfigurationList section */
	};
	rootObject = 684349EB265B0E630039279A /* Project object */;
}
